
Microsoft Visual Studio Solution File, Format Version 12.00
# Visual Studio Version 16
VisualStudioVersion = 16.0.31205.134
MinimumVisualStudioVersion = 10.0.40219.1
Project("{FAE04EC0-301F-11D3-BF4B-00C04F79EFBC}") = "vvs", "vvs\vvs.csproj", "{0F16B458-3ED6-4D08-BF5F-DC9300F9FBA8}"
EndProject
Global
	GlobalSection(SolutionConfigurationPlatforms) = preSolution
		Debug|Any CPU = Debug|Any CPU
		Release|Any CPU = Release|Any CPU
	EndGlobalSection
	GlobalSection(ProjectConfigurationPlatforms) = postSolution
		{0F16B458-3ED6-4D08-BF5F-DC9300F9FBA8}.Debug|Any CPU.ActiveCfg = Debug|Any CPU
		{0F16B458-3ED6-4D08-BF5F-DC9300F9FBA8}.Debug|Any CPU.Build.0 = Debug|Any CPU
		{0F16B458-3ED6-4D08-BF5F-DC9300F9FBA8}.Release|Any CPU.ActiveCfg = Release|Any CPU
		{0F16B458-3ED6-4D08-BF5F-DC9300F9FBA8}.Release|Any CPU.Build.0 = Release|Any CPU
	EndGlobalSection
	GlobalSection(SolutionProperties) = preSolution
		HideSolutionNode = FALSE
	EndGlobalSection
	GlobalSection(ExtensibilityGlobals) = postSolution
		SolutionGuid = {FBDA216E-8E6A-4A0E-BC48-ED73097A2532}
	EndGlobalSection
EndGlobal
